
Microsoft Visual Studio Solution File, Format Version 12.00
# Visual Studio 15
VisualStudioVersion = 15.0.26730.8
MinimumVisualStudioVersion = 10.0.40219.1
Project("{FAE04EC0-301F-11D3-BF4B-00C04F79EFBC}") = "InvestmentCalculator", "InvestmentCalculator\InvestmentCalculator.csproj", "{751FAF7F-1B4E-4AAF-B069-E0DC675B48FD}"
EndProject
Global
	GlobalSection(SolutionConfigurationPlatforms) = preSolution
		Debug|Any CPU = Debug|Any CPU
		Release|Any CPU = Release|Any CPU
	EndGlobalSection
	GlobalSection(ProjectConfigurationPlatforms) = postSolution
		{751FAF7F-1B4E-4AAF-B069-E0DC675B48FD}.Debug|Any CPU.ActiveCfg = Debug|Any CPU
		{751FAF7F-1B4E-4AAF-B069-E0DC675B48FD}.Debug|Any CPU.Build.0 = Debug|Any CPU
		{751FAF7F-1B4E-4AAF-B069-E0DC675B48FD}.Release|Any CPU.ActiveCfg = Release|Any CPU
		{751FAF7F-1B4E-4AAF-B069-E0DC675B48FD}.Release|Any CPU.Build.0 = Release|Any CPU
	EndGlobalSection
	GlobalSection(SolutionProperties) = preSolution
		HideSolutionNode = FALSE
	EndGlobalSection
	GlobalSection(ExtensibilityGlobals) = postSolution
		SolutionGuid = {FC6794F3-BD14-4D6A-A729-AF3EE768DC6F}
	EndGlobalSection
EndGlobal
