
Microsoft Visual Studio Solution File, Format Version 12.00
# Visual Studio 15
VisualStudioVersion = 15.0.26730.8
MinimumVisualStudioVersion = 10.0.40219.1
Project("{FAE04EC0-301F-11D3-BF4B-00C04F79EFBC}") = "VideoRentalStore", "VideoRentalStore\VideoRentalStore.csproj", "{41D6588C-2A47-4478-8DB2-07EFD1A869D8}"
EndProject
Global
	GlobalSection(SolutionConfigurationPlatforms) = preSolution
		Debug|Any CPU = Debug|Any CPU
		Release|Any CPU = Release|Any CPU
	EndGlobalSection
	GlobalSection(ProjectConfigurationPlatforms) = postSolution
		{41D6588C-2A47-4478-8DB2-07EFD1A869D8}.Debug|Any CPU.ActiveCfg = Debug|Any CPU
		{41D6588C-2A47-4478-8DB2-07EFD1A869D8}.Debug|Any CPU.Build.0 = Debug|Any CPU
		{41D6588C-2A47-4478-8DB2-07EFD1A869D8}.Release|Any CPU.ActiveCfg = Release|Any CPU
		{41D6588C-2A47-4478-8DB2-07EFD1A869D8}.Release|Any CPU.Build.0 = Release|Any CPU
	EndGlobalSection
	GlobalSection(SolutionProperties) = preSolution
		HideSolutionNode = FALSE
	EndGlobalSection
	GlobalSection(ExtensibilityGlobals) = postSolution
		SolutionGuid = {3FAA7DEF-C673-4288-8F58-7004F05E4839}
	EndGlobalSection
EndGlobal
